
Microsoft Visual Studio Solution File, Format Version 12.00
Project("{FAE04EC0-301F-11D3-BF4B-00C04F79EFBC}") = "Intro_to_OOP", "Intro_to_OOP\Intro_to_OOP.csproj", "{513D8FD5-94F4-4ECE-A1BD-3225C860694B}"
EndProject
Global
	GlobalSection(SolutionConfigurationPlatforms) = preSolution
		Debug|Any CPU = Debug|Any CPU
		Release|Any CPU = Release|Any CPU
	EndGlobalSection
	GlobalSection(ProjectConfigurationPlatforms) = postSolution
		{513D8FD5-94F4-4ECE-A1BD-3225C860694B}.Debug|Any CPU.ActiveCfg = Debug|Any CPU
		{513D8FD5-94F4-4ECE-A1BD-3225C860694B}.Debug|Any CPU.Build.0 = Debug|Any CPU
		{513D8FD5-94F4-4ECE-A1BD-3225C860694B}.Release|Any CPU.ActiveCfg = Release|Any CPU
		{513D8FD5-94F4-4ECE-A1BD-3225C860694B}.Release|Any CPU.Build.0 = Release|Any CPU
	EndGlobalSection
EndGlobal
